{
  "requires": true,
  "lockfileVersion": 1,
  "dependencies": {
    "shaka-player": {
      "version": "2.5.0-beta2",
      "resolved": "https://registry.npmjs.org/shaka-player/-/shaka-player-2.5.0-beta2.tgz",
      "integrity": "sha512-x65ZTBFznldScB7SU7QmraA61c3b0YPfGiAd/3HPCUOeBLN5iOmy99TUzMu90dbP8auKbnJ+o9h1zwS8PDikaA=="
    }
  }
}
